
Microsoft Visual Studio Solution File, Format Version 12.00
# Visual Studio 14
VisualStudioVersion = 14.0.23107.0
MinimumVisualStudioVersion = 10.0.40219.1
Project("{FAE04EC0-301F-11D3-BF4B-00C04F79EFBC}") = "Task1", "Task1\Task1.csproj", "{17390159-0EB5-4D01-A4A6-4773D41EC77C}"
EndProject
Project("{FAE04EC0-301F-11D3-BF4B-00C04F79EFBC}") = "Task2", "Task2\Task2.csproj", "{EA588D73-4C5B-415A-8D9A-FF92D18FAF98}"
EndProject
Project("{FAE04EC0-301F-11D3-BF4B-00C04F79EFBC}") = "Task3", "Task3\Task3.csproj", "{26606BAC-CAFE-4780-B438-00A8B6F92456}"
EndProject
Project("{FAE04EC0-301F-11D3-BF4B-00C04F79EFBC}") = "Task4", "Task4\Task4.csproj", "{744F270A-924B-499F-BF95-95B4C9D4394E}"
EndProject
Project("{FAE04EC0-301F-11D3-BF4B-00C04F79EFBC}") = "Task5", "Task5\Task5.csproj", "{0A6ED23A-794A-423B-A28A-439E2EEE0CF6}"
EndProject
Project("{FAE04EC0-301F-11D3-BF4B-00C04F79EFBC}") = "Task6", "Task6\Task6.csproj", "{50ECF6D2-903F-4F41-BD53-C7B200D1F80D}"
EndProject
Global
	GlobalSection(SolutionConfigurationPlatforms) = preSolution
		Debug|Any CPU = Debug|Any CPU
		Release|Any CPU = Release|Any CPU
	EndGlobalSection
	GlobalSection(ProjectConfigurationPlatforms) = postSolution
		{17390159-0EB5-4D01-A4A6-4773D41EC77C}.Debug|Any CPU.ActiveCfg = Debug|Any CPU
		{17390159-0EB5-4D01-A4A6-4773D41EC77C}.Debug|Any CPU.Build.0 = Debug|Any CPU
		{17390159-0EB5-4D01-A4A6-4773D41EC77C}.Release|Any CPU.ActiveCfg = Release|Any CPU
		{17390159-0EB5-4D01-A4A6-4773D41EC77C}.Release|Any CPU.Build.0 = Release|Any CPU
		{EA588D73-4C5B-415A-8D9A-FF92D18FAF98}.Debug|Any CPU.ActiveCfg = Debug|Any CPU
		{EA588D73-4C5B-415A-8D9A-FF92D18FAF98}.Debug|Any CPU.Build.0 = Debug|Any CPU
		{EA588D73-4C5B-415A-8D9A-FF92D18FAF98}.Release|Any CPU.ActiveCfg = Release|Any CPU
		{EA588D73-4C5B-415A-8D9A-FF92D18FAF98}.Release|Any CPU.Build.0 = Release|Any CPU
		{26606BAC-CAFE-4780-B438-00A8B6F92456}.Debug|Any CPU.ActiveCfg = Debug|Any CPU
		{26606BAC-CAFE-4780-B438-00A8B6F92456}.Debug|Any CPU.Build.0 = Debug|Any CPU
		{26606BAC-CAFE-4780-B438-00A8B6F92456}.Release|Any CPU.ActiveCfg = Release|Any CPU
		{26606BAC-CAFE-4780-B438-00A8B6F92456}.Release|Any CPU.Build.0 = Release|Any CPU
		{744F270A-924B-499F-BF95-95B4C9D4394E}.Debug|Any CPU.ActiveCfg = Debug|Any CPU
		{744F270A-924B-499F-BF95-95B4C9D4394E}.Debug|Any CPU.Build.0 = Debug|Any CPU
		{744F270A-924B-499F-BF95-95B4C9D4394E}.Release|Any CPU.ActiveCfg = Release|Any CPU
		{744F270A-924B-499F-BF95-95B4C9D4394E}.Release|Any CPU.Build.0 = Release|Any CPU
		{0A6ED23A-794A-423B-A28A-439E2EEE0CF6}.Debug|Any CPU.ActiveCfg = Debug|Any CPU
		{0A6ED23A-794A-423B-A28A-439E2EEE0CF6}.Debug|Any CPU.Build.0 = Debug|Any CPU
		{0A6ED23A-794A-423B-A28A-439E2EEE0CF6}.Release|Any CPU.ActiveCfg = Release|Any CPU
		{0A6ED23A-794A-423B-A28A-439E2EEE0CF6}.Release|Any CPU.Build.0 = Release|Any CPU
		{50ECF6D2-903F-4F41-BD53-C7B200D1F80D}.Debug|Any CPU.ActiveCfg = Debug|Any CPU
		{50ECF6D2-903F-4F41-BD53-C7B200D1F80D}.Debug|Any CPU.Build.0 = Debug|Any CPU
		{50ECF6D2-903F-4F41-BD53-C7B200D1F80D}.Release|Any CPU.ActiveCfg = Release|Any CPU
		{50ECF6D2-903F-4F41-BD53-C7B200D1F80D}.Release|Any CPU.Build.0 = Release|Any CPU
	EndGlobalSection
	GlobalSection(SolutionProperties) = preSolution
		HideSolutionNode = FALSE
	EndGlobalSection
EndGlobal
