
Microsoft Visual Studio Solution File, Format Version 12.00
# Visual Studio 14
VisualStudioVersion = 14.0.23107.0
MinimumVisualStudioVersion = 10.0.40219.1
Project("{FAE04EC0-301F-11D3-BF4B-00C04F79EFBC}") = "Task1", "Task1\Task1.csproj", "{05D95E7F-360A-47E7-B0CC-027C090E502F}"
EndProject
Project("{FAE04EC0-301F-11D3-BF4B-00C04F79EFBC}") = "Task2", "Task2\Task2.csproj", "{B34EDBC1-BF03-4A3E-BA22-CFA45C774C94}"
EndProject
Project("{FAE04EC0-301F-11D3-BF4B-00C04F79EFBC}") = "Task3", "Task3\Task3.csproj", "{842F4E0C-448A-4E6A-A734-354DB8C65636}"
EndProject
Project("{FAE04EC0-301F-11D3-BF4B-00C04F79EFBC}") = "Task4", "Task4\Task4.csproj", "{684C46AD-E0D6-451F-BD70-CBD9FACD3FF7}"
EndProject
Global
	GlobalSection(SolutionConfigurationPlatforms) = preSolution
		Debug|Any CPU = Debug|Any CPU
		Release|Any CPU = Release|Any CPU
	EndGlobalSection
	GlobalSection(ProjectConfigurationPlatforms) = postSolution
		{05D95E7F-360A-47E7-B0CC-027C090E502F}.Debug|Any CPU.ActiveCfg = Debug|Any CPU
		{05D95E7F-360A-47E7-B0CC-027C090E502F}.Debug|Any CPU.Build.0 = Debug|Any CPU
		{05D95E7F-360A-47E7-B0CC-027C090E502F}.Release|Any CPU.ActiveCfg = Release|Any CPU
		{05D95E7F-360A-47E7-B0CC-027C090E502F}.Release|Any CPU.Build.0 = Release|Any CPU
		{B34EDBC1-BF03-4A3E-BA22-CFA45C774C94}.Debug|Any CPU.ActiveCfg = Debug|Any CPU
		{B34EDBC1-BF03-4A3E-BA22-CFA45C774C94}.Debug|Any CPU.Build.0 = Debug|Any CPU
		{B34EDBC1-BF03-4A3E-BA22-CFA45C774C94}.Release|Any CPU.ActiveCfg = Release|Any CPU
		{B34EDBC1-BF03-4A3E-BA22-CFA45C774C94}.Release|Any CPU.Build.0 = Release|Any CPU
		{842F4E0C-448A-4E6A-A734-354DB8C65636}.Debug|Any CPU.ActiveCfg = Debug|Any CPU
		{842F4E0C-448A-4E6A-A734-354DB8C65636}.Debug|Any CPU.Build.0 = Debug|Any CPU
		{842F4E0C-448A-4E6A-A734-354DB8C65636}.Release|Any CPU.ActiveCfg = Release|Any CPU
		{842F4E0C-448A-4E6A-A734-354DB8C65636}.Release|Any CPU.Build.0 = Release|Any CPU
		{684C46AD-E0D6-451F-BD70-CBD9FACD3FF7}.Debug|Any CPU.ActiveCfg = Debug|Any CPU
		{684C46AD-E0D6-451F-BD70-CBD9FACD3FF7}.Debug|Any CPU.Build.0 = Debug|Any CPU
		{684C46AD-E0D6-451F-BD70-CBD9FACD3FF7}.Release|Any CPU.ActiveCfg = Release|Any CPU
		{684C46AD-E0D6-451F-BD70-CBD9FACD3FF7}.Release|Any CPU.Build.0 = Release|Any CPU
	EndGlobalSection
	GlobalSection(SolutionProperties) = preSolution
		HideSolutionNode = FALSE
	EndGlobalSection
EndGlobal
