
Microsoft Visual Studio Solution File, Format Version 12.00
# Visual Studio 14
VisualStudioVersion = 14.0.23107.0
MinimumVisualStudioVersion = 10.0.40219.1
Project("{FAE04EC0-301F-11D3-BF4B-00C04F79EFBC}") = "Task1", "Task1\Task1.csproj", "{FBA1D2D7-2CD9-4B26-9508-494AD4585CEC}"
EndProject
Project("{FAE04EC0-301F-11D3-BF4B-00C04F79EFBC}") = "Task2", "Task2\Task2.csproj", "{7CF68E58-DC58-43F7-94B1-86FD1930552F}"
EndProject
Project("{FAE04EC0-301F-11D3-BF4B-00C04F79EFBC}") = "Task3", "Task3\Task3.csproj", "{87447F9C-BFE9-47E2-B008-3E3B397B4389}"
EndProject
Global
	GlobalSection(SolutionConfigurationPlatforms) = preSolution
		Debug|Any CPU = Debug|Any CPU
		Release|Any CPU = Release|Any CPU
	EndGlobalSection
	GlobalSection(ProjectConfigurationPlatforms) = postSolution
		{FBA1D2D7-2CD9-4B26-9508-494AD4585CEC}.Debug|Any CPU.ActiveCfg = Debug|Any CPU
		{FBA1D2D7-2CD9-4B26-9508-494AD4585CEC}.Debug|Any CPU.Build.0 = Debug|Any CPU
		{FBA1D2D7-2CD9-4B26-9508-494AD4585CEC}.Release|Any CPU.ActiveCfg = Release|Any CPU
		{FBA1D2D7-2CD9-4B26-9508-494AD4585CEC}.Release|Any CPU.Build.0 = Release|Any CPU
		{7CF68E58-DC58-43F7-94B1-86FD1930552F}.Debug|Any CPU.ActiveCfg = Debug|Any CPU
		{7CF68E58-DC58-43F7-94B1-86FD1930552F}.Debug|Any CPU.Build.0 = Debug|Any CPU
		{7CF68E58-DC58-43F7-94B1-86FD1930552F}.Release|Any CPU.ActiveCfg = Release|Any CPU
		{7CF68E58-DC58-43F7-94B1-86FD1930552F}.Release|Any CPU.Build.0 = Release|Any CPU
		{87447F9C-BFE9-47E2-B008-3E3B397B4389}.Debug|Any CPU.ActiveCfg = Debug|Any CPU
		{87447F9C-BFE9-47E2-B008-3E3B397B4389}.Debug|Any CPU.Build.0 = Debug|Any CPU
		{87447F9C-BFE9-47E2-B008-3E3B397B4389}.Release|Any CPU.ActiveCfg = Release|Any CPU
		{87447F9C-BFE9-47E2-B008-3E3B397B4389}.Release|Any CPU.Build.0 = Release|Any CPU
	EndGlobalSection
	GlobalSection(SolutionProperties) = preSolution
		HideSolutionNode = FALSE
	EndGlobalSection
EndGlobal
